
Microsoft Visual Studio Solution File, Format Version 12.00
# Visual Studio 2012
Project("{FAE04EC0-301F-11D3-BF4B-00C04F79EFBC}") = "EasyPaint", "EasyPaint\EasyPaint.csproj", "{786E9635-3D7E-4850-ADCF-7BF29A55E951}"
EndProject
Global
	GlobalSection(TeamFoundationVersionControl) = preSolution
		SccNumberOfProjects = 2
		SccEnterpriseProvider = {4CA58AB2-18FA-4F8D-95D4-32DDF27D184C}
		SccTeamFoundationServer = https://dchugunov.visualstudio.com/defaultcollection
		SccLocalPath0 = .
		SccProjectUniqueName1 = EasyPaint\\EasyPaint.csproj
		SccProjectName1 = EasyPaint
		SccLocalPath1 = EasyPaint
	EndGlobalSection
	GlobalSection(SolutionConfigurationPlatforms) = preSolution
		Debug|Any CPU = Debug|Any CPU
		Release|Any CPU = Release|Any CPU
	EndGlobalSection
	GlobalSection(ProjectConfigurationPlatforms) = postSolution
		{786E9635-3D7E-4850-ADCF-7BF29A55E951}.Debug|Any CPU.ActiveCfg = Debug|Any CPU
		{786E9635-3D7E-4850-ADCF-7BF29A55E951}.Debug|Any CPU.Build.0 = Debug|Any CPU
		{786E9635-3D7E-4850-ADCF-7BF29A55E951}.Release|Any CPU.ActiveCfg = Release|Any CPU
		{786E9635-3D7E-4850-ADCF-7BF29A55E951}.Release|Any CPU.Build.0 = Release|Any CPU
	EndGlobalSection
	GlobalSection(SolutionProperties) = preSolution
		HideSolutionNode = FALSE
	EndGlobalSection
EndGlobal
